
Microsoft Visual Studio Solution File, Format Version 12.00
# Visual Studio Version 16
VisualStudioVersion = 25.0.1705.0
MinimumVisualStudioVersion = 10.0.40219.1
Project("{FAE04EC0-301F-11D3-BF4B-00C04F79EFBC}") = "EmployeesAPI", "EmployeesAPI\EmployeesAPI.csproj", "{349D2320-BC62-45C0-A9F9-503869E027CA}"
EndProject
Global
	GlobalSection(SolutionConfigurationPlatforms) = preSolution
		Debug|Any CPU = Debug|Any CPU
		Release|Any CPU = Release|Any CPU
	EndGlobalSection
	GlobalSection(ProjectConfigurationPlatforms) = postSolution
		{349D2320-BC62-45C0-A9F9-503869E027CA}.Debug|Any CPU.ActiveCfg = Debug|Any CPU
		{349D2320-BC62-45C0-A9F9-503869E027CA}.Debug|Any CPU.Build.0 = Debug|Any CPU
		{349D2320-BC62-45C0-A9F9-503869E027CA}.Release|Any CPU.ActiveCfg = Release|Any CPU
		{349D2320-BC62-45C0-A9F9-503869E027CA}.Release|Any CPU.Build.0 = Release|Any CPU
	EndGlobalSection
	GlobalSection(SolutionProperties) = preSolution
		HideSolutionNode = FALSE
	EndGlobalSection
	GlobalSection(ExtensibilityGlobals) = postSolution
		SolutionGuid = {34B428F4-D779-4C87-9345-8028E651038D}
	EndGlobalSection
EndGlobal
